// !$*UTF8*$!
{
	archiveVersion = 1;
	classes = {
	};
	objectVersion = 46;
	objects = {

/* Begin PBXBuildFile section */
		1F1651BB1E9E6D5A00F1181C /* libPocoDataMySQL.a in Frameworks */ = {isa = PBXBuildFile; fileRef = 1F1651BA1E9E6D5A00F1181C /* libPocoDataMySQL.a */; };
		1F1651BD1E9E6E4100F1181C /* libmysqlcppconn-static.a in Frameworks */ = {isa = PBXBuildFile; fileRef = 1F1651BC1E9E6E4100F1181C /* libmysqlcppconn-static.a */; };
		1F40F96A1E49E13C003861AF /* libflatbuffers.a in Frameworks */ = {isa = PBXBuildFile; fileRef = 1F40F9691E49E13C003861AF /* libflatbuffers.a */; };
		1F5FFAED1EA00D5B00542178 /* mailservice.cpp in Sources */ = {isa = PBXBuildFile; fileRef = 1F5FFAEB1EA00D5B00542178 /* mailservice.cpp */; };
		1F5FFBCB1EA27FB400542178 /* gameobject.cpp in Sources */ = {isa = PBXBuildFile; fileRef = 1F5FFBC91EA27FB400542178 /* gameobject.cpp */; };
		1F5FFBCE1EA2801900542178 /* gameworld.cpp in Sources */ = {isa = PBXBuildFile; fileRef = 1F5FFBCC1EA2801900542178 /* gameworld.cpp */; };
		1F5FFBD41EA2805E00542178 /* gamemap.cpp in Sources */ = {isa = PBXBuildFile; fileRef = 1F5FFBD21EA2805E00542178 /* gamemap.cpp */; };
		1F5FFBD71EA280C100542178 /* construction.cpp in Sources */ = {isa = PBXBuildFile; fileRef = 1F5FFBD51EA280C100542178 /* construction.cpp */; };
		1F5FFBDA1EA280ED00542178 /* mapblock.cpp in Sources */ = {isa = PBXBuildFile; fileRef = 1F5FFBD81EA280ED00542178 /* mapblock.cpp */; };
		1F5FFBDD1EA2810D00542178 /* item.cpp in Sources */ = {isa = PBXBuildFile; fileRef = 1F5FFBDB1EA2810D00542178 /* item.cpp */; };
		1F5FFBE11EA281EC00542178 /* unit.cpp in Sources */ = {isa = PBXBuildFile; fileRef = 1F5FFBDF1EA281EC00542178 /* unit.cpp */; };
		1F5FFBE41EA2821400542178 /* hero.cpp in Sources */ = {isa = PBXBuildFile; fileRef = 1F5FFBE21EA2821400542178 /* hero.cpp */; };
		1F5FFBE71EA2825A00542178 /* monster.cpp in Sources */ = {isa = PBXBuildFile; fileRef = 1F5FFBE51EA2825A00542178 /* monster.cpp */; };
		1F5FFBEA1EA2829700542178 /* air_elementalist.cpp in Sources */ = {isa = PBXBuildFile; fileRef = 1F5FFBE81EA2829700542178 /* air_elementalist.cpp */; };
		1F5FFBED1EA282C300542178 /* fire_elementalist.cpp in Sources */ = {isa = PBXBuildFile; fileRef = 1F5FFBEB1EA282C300542178 /* fire_elementalist.cpp */; };
		1F5FFBF01EA282F000542178 /* earth_elementalist.cpp in Sources */ = {isa = PBXBuildFile; fileRef = 1F5FFBEE1EA282F000542178 /* earth_elementalist.cpp */; };
		1F5FFBF31EA2830C00542178 /* water_elementalist.cpp in Sources */ = {isa = PBXBuildFile; fileRef = 1F5FFBF11EA2830C00542178 /* water_elementalist.cpp */; };
		1F9203D81E60B637006DF25E /* logsystem.cpp in Sources */ = {isa = PBXBuildFile; fileRef = 1F9203D61E60B637006DF25E /* logsystem.cpp */; };
		1F9203EA1E63BD8B006DF25E /* libPocoData.a in Frameworks */ = {isa = PBXBuildFile; fileRef = 1F9203E71E63BD8B006DF25E /* libPocoData.a */; };
		1F9203EB1E63BD8B006DF25E /* libPocoFoundation.a in Frameworks */ = {isa = PBXBuildFile; fileRef = 1F9203E81E63BD8B006DF25E /* libPocoFoundation.a */; };
		1F9203ED1E63BDA5006DF25E /* libPocoNet.a in Frameworks */ = {isa = PBXBuildFile; fileRef = 1F9203EC1E63BDA5006DF25E /* libPocoNet.a */; };
		1FEC14521E450ED5004EC380 /* gameserver.cpp in Sources */ = {isa = PBXBuildFile; fileRef = 1FEC14431E450ED5004EC380 /* gameserver.cpp */; };
		1FEC14551E450ED5004EC380 /* masterserver.cpp in Sources */ = {isa = PBXBuildFile; fileRef = 1FEC144C1E450ED5004EC380 /* masterserver.cpp */; };
		1FEC14561E450ED5004EC380 /* main.cpp in Sources */ = {isa = PBXBuildFile; fileRef = 1FEC14501E450ED5004EC380 /* main.cpp */; };
/* End PBXBuildFile section */

/* Begin PBXCopyFilesBuildPhase section */
		1FEC14231E450E9A004EC380 /* CopyFiles */ = {
			isa = PBXCopyFilesBuildPhase;
			buildActionMask = 2147483647;
			dstPath = /usr/share/man/man1/;
			dstSubfolderSpec = 0;
			files = (
			);
			runOnlyForDeploymentPostprocessing = 1;
		};
/* End PBXCopyFilesBuildPhase section */

/* Begin PBXFileReference section */
		1F1651BA1E9E6D5A00F1181C /* libPocoDataMySQL.a */ = {isa = PBXFileReference; lastKnownFileType = archive.ar; name = libPocoDataMySQL.a; path = labyrinth_serv_xcode.xcodeproj/libPocoDataMySQL.a; sourceTree = "<group>"; };
		1F1651BC1E9E6E4100F1181C /* libmysqlcppconn-static.a */ = {isa = PBXFileReference; lastKnownFileType = archive.ar; name = "libmysqlcppconn-static.a"; path = "labyrinth_serv_xcode.xcodeproj/libmysqlcppconn-static.a"; sourceTree = "<group>"; };
		1F3E69BD1E4A1AD700A102C1 /* msnet.fbs */ = {isa = PBXFileReference; fileEncoding = 4; lastKnownFileType = text; name = msnet.fbs; path = ../../../src/msnet.fbs; sourceTree = "<group>"; };
		1F3E69BF1E4A1D0A00A102C1 /* gsnet.fbs */ = {isa = PBXFileReference; fileEncoding = 4; lastKnownFileType = text; name = gsnet.fbs; path = ../../../src/gsnet.fbs; sourceTree = "<group>"; };
		1F3E69C01E4A1D2C00A102C1 /* gsnet_generated.h */ = {isa = PBXFileReference; fileEncoding = 4; lastKnownFileType = sourcecode.c.h; name = gsnet_generated.h; path = ../../../src/gsnet_generated.h; sourceTree = "<group>"; };
		1F40F9691E49E13C003861AF /* libflatbuffers.a */ = {isa = PBXFileReference; lastKnownFileType = archive.ar; name = libflatbuffers.a; path = labyrinth_serv_xcode.xcodeproj/libflatbuffers.a; sourceTree = "<group>"; };
		1F40F96D1E49F2A7003861AF /* msnet_generated.h */ = {isa = PBXFileReference; fileEncoding = 4; lastKnownFileType = sourcecode.c.h; name = msnet_generated.h; path = ../../../src/msnet_generated.h; sourceTree = "<group>"; };
		1F5FFAEB1EA00D5B00542178 /* mailservice.cpp */ = {isa = PBXFileReference; fileEncoding = 4; lastKnownFileType = sourcecode.cpp.cpp; name = mailservice.cpp; path = ../../../src/mailservice.cpp; sourceTree = "<group>"; };
		1F5FFAEC1EA00D5B00542178 /* mailservice.hpp */ = {isa = PBXFileReference; fileEncoding = 4; lastKnownFileType = sourcecode.cpp.h; name = mailservice.hpp; path = ../../../src/mailservice.hpp; sourceTree = "<group>"; };
		1F5FFBC91EA27FB400542178 /* gameobject.cpp */ = {isa = PBXFileReference; fileEncoding = 4; lastKnownFileType = sourcecode.cpp.cpp; name = gameobject.cpp; path = ../../../src/gamelogic/gameobject.cpp; sourceTree = "<group>"; };
		1F5FFBCA1EA27FB400542178 /* gameobject.hpp */ = {isa = PBXFileReference; fileEncoding = 4; lastKnownFileType = sourcecode.cpp.h; name = gameobject.hpp; path = ../../../src/gamelogic/gameobject.hpp; sourceTree = "<group>"; };
		1F5FFBCC1EA2801900542178 /* gameworld.cpp */ = {isa = PBXFileReference; fileEncoding = 4; lastKnownFileType = sourcecode.cpp.cpp; name = gameworld.cpp; path = ../../../src/gamelogic/gameworld.cpp; sourceTree = "<group>"; };
		1F5FFBCD1EA2801900542178 /* gameworld.hpp */ = {isa = PBXFileReference; fileEncoding = 4; lastKnownFileType = sourcecode.cpp.h; name = gameworld.hpp; path = ../../../src/gamelogic/gameworld.hpp; sourceTree = "<group>"; };
		1F5FFBD21EA2805E00542178 /* gamemap.cpp */ = {isa = PBXFileReference; fileEncoding = 4; lastKnownFileType = sourcecode.cpp.cpp; name = gamemap.cpp; path = ../../../src/gamelogic/gamemap.cpp; sourceTree = "<group>"; };
		1F5FFBD31EA2805E00542178 /* gamemap.hpp */ = {isa = PBXFileReference; fileEncoding = 4; lastKnownFileType = sourcecode.cpp.h; name = gamemap.hpp; path = ../../../src/gamelogic/gamemap.hpp; sourceTree = "<group>"; };
		1F5FFBD51EA280C100542178 /* construction.cpp */ = {isa = PBXFileReference; fileEncoding = 4; lastKnownFileType = sourcecode.cpp.cpp; name = construction.cpp; path = ../../../src/gamelogic/construction.cpp; sourceTree = "<group>"; };
		1F5FFBD61EA280C100542178 /* construction.hpp */ = {isa = PBXFileReference; fileEncoding = 4; lastKnownFileType = sourcecode.cpp.h; name = construction.hpp; path = ../../../src/gamelogic/construction.hpp; sourceTree = "<group>"; };
		1F5FFBD81EA280ED00542178 /* mapblock.cpp */ = {isa = PBXFileReference; fileEncoding = 4; lastKnownFileType = sourcecode.cpp.cpp; name = mapblock.cpp; path = ../../../src/gamelogic/mapblock.cpp; sourceTree = "<group>"; };
		1F5FFBD91EA280ED00542178 /* mapblock.hpp */ = {isa = PBXFileReference; fileEncoding = 4; lastKnownFileType = sourcecode.cpp.h; name = mapblock.hpp; path = ../../../src/gamelogic/mapblock.hpp; sourceTree = "<group>"; };
		1F5FFBDB1EA2810D00542178 /* item.cpp */ = {isa = PBXFileReference; fileEncoding = 4; lastKnownFileType = sourcecode.cpp.cpp; name = item.cpp; path = ../../../src/gamelogic/item.cpp; sourceTree = "<group>"; };
		1F5FFBDC1EA2810D00542178 /* item.hpp */ = {isa = PBXFileReference; fileEncoding = 4; lastKnownFileType = sourcecode.cpp.h; name = item.hpp; path = ../../../src/gamelogic/item.hpp; sourceTree = "<group>"; };
		1F5FFBDF1EA281EC00542178 /* unit.cpp */ = {isa = PBXFileReference; fileEncoding = 4; lastKnownFileType = sourcecode.cpp.cpp; name = unit.cpp; path = ../../../src/gamelogic/units/unit.cpp; sourceTree = "<group>"; };
		1F5FFBE01EA281EC00542178 /* unit.hpp */ = {isa = PBXFileReference; fileEncoding = 4; lastKnownFileType = sourcecode.cpp.h; name = unit.hpp; path = ../../../src/gamelogic/units/unit.hpp; sourceTree = "<group>"; };
		1F5FFBE21EA2821400542178 /* hero.cpp */ = {isa = PBXFileReference; fileEncoding = 4; lastKnownFileType = sourcecode.cpp.cpp; name = hero.cpp; path = ../../../src/gamelogic/units/hero.cpp; sourceTree = "<group>"; };
		1F5FFBE31EA2821400542178 /* hero.hpp */ = {isa = PBXFileReference; fileEncoding = 4; lastKnownFileType = sourcecode.cpp.h; name = hero.hpp; path = ../../../src/gamelogic/units/hero.hpp; sourceTree = "<group>"; };
		1F5FFBE51EA2825A00542178 /* monster.cpp */ = {isa = PBXFileReference; fileEncoding = 4; lastKnownFileType = sourcecode.cpp.cpp; name = monster.cpp; path = ../../../src/gamelogic/units/monster.cpp; sourceTree = "<group>"; };
		1F5FFBE61EA2825A00542178 /* monster.hpp */ = {isa = PBXFileReference; fileEncoding = 4; lastKnownFileType = sourcecode.cpp.h; name = monster.hpp; path = ../../../src/gamelogic/units/monster.hpp; sourceTree = "<group>"; };
		1F5FFBE81EA2829700542178 /* air_elementalist.cpp */ = {isa = PBXFileReference; fileEncoding = 4; lastKnownFileType = sourcecode.cpp.cpp; name = air_elementalist.cpp; path = ../../../src/gamelogic/units/air_elementalist.cpp; sourceTree = "<group>"; };
		1F5FFBE91EA2829700542178 /* air_elementalist.hpp */ = {isa = PBXFileReference; fileEncoding = 4; lastKnownFileType = sourcecode.cpp.h; name = air_elementalist.hpp; path = ../../../src/gamelogic/units/air_elementalist.hpp; sourceTree = "<group>"; };
		1F5FFBEB1EA282C300542178 /* fire_elementalist.cpp */ = {isa = PBXFileReference; fileEncoding = 4; lastKnownFileType = sourcecode.cpp.cpp; name = fire_elementalist.cpp; path = ../../../src/gamelogic/units/fire_elementalist.cpp; sourceTree = "<group>"; };
		1F5FFBEC1EA282C300542178 /* fire_elementalist.hpp */ = {isa = PBXFileReference; fileEncoding = 4; lastKnownFileType = sourcecode.cpp.h; name = fire_elementalist.hpp; path = ../../../src/gamelogic/units/fire_elementalist.hpp; sourceTree = "<group>"; };
		1F5FFBEE1EA282F000542178 /* earth_elementalist.cpp */ = {isa = PBXFileReference; fileEncoding = 4; lastKnownFileType = sourcecode.cpp.cpp; name = earth_elementalist.cpp; path = ../../../src/gamelogic/units/earth_elementalist.cpp; sourceTree = "<group>"; };
		1F5FFBEF1EA282F000542178 /* earth_elementalist.hpp */ = {isa = PBXFileReference; fileEncoding = 4; lastKnownFileType = sourcecode.cpp.h; name = earth_elementalist.hpp; path = ../../../src/gamelogic/units/earth_elementalist.hpp; sourceTree = "<group>"; };
		1F5FFBF11EA2830C00542178 /* water_elementalist.cpp */ = {isa = PBXFileReference; fileEncoding = 4; lastKnownFileType = sourcecode.cpp.cpp; name = water_elementalist.cpp; path = ../../../src/gamelogic/units/water_elementalist.cpp; sourceTree = "<group>"; };
		1F5FFBF21EA2830C00542178 /* water_elementalist.hpp */ = {isa = PBXFileReference; fileEncoding = 4; lastKnownFileType = sourcecode.cpp.h; name = water_elementalist.hpp; path = ../../../src/gamelogic/units/water_elementalist.hpp; sourceTree = "<group>"; };
		1F9203D61E60B637006DF25E /* logsystem.cpp */ = {isa = PBXFileReference; fileEncoding = 4; lastKnownFileType = sourcecode.cpp.cpp; name = logsystem.cpp; path = ../../../src/logsystem.cpp; sourceTree = "<group>"; };
		1F9203D71E60B637006DF25E /* logsystem.hpp */ = {isa = PBXFileReference; fileEncoding = 4; lastKnownFileType = sourcecode.cpp.h; name = logsystem.hpp; path = ../../../src/logsystem.hpp; sourceTree = "<group>"; };
		1F9203E61E63BD8B006DF25E /* libPocoDataSQLite.a */ = {isa = PBXFileReference; lastKnownFileType = archive.ar; name = libPocoDataSQLite.a; path = labyrinth_serv_xcode.xcodeproj/libPocoDataSQLite.a; sourceTree = "<group>"; };
		1F9203E71E63BD8B006DF25E /* libPocoData.a */ = {isa = PBXFileReference; lastKnownFileType = archive.ar; name = libPocoData.a; path = labyrinth_serv_xcode.xcodeproj/libPocoData.a; sourceTree = "<group>"; };
		1F9203E81E63BD8B006DF25E /* libPocoFoundation.a */ = {isa = PBXFileReference; lastKnownFileType = archive.ar; name = libPocoFoundation.a; path = labyrinth_serv_xcode.xcodeproj/libPocoFoundation.a; sourceTree = "<group>"; };
		1F9203EC1E63BDA5006DF25E /* libPocoNet.a */ = {isa = PBXFileReference; lastKnownFileType = archive.ar; name = libPocoNet.a; path = labyrinth_serv_xcode.xcodeproj/libPocoNet.a; sourceTree = "<group>"; };
		1FEC14251E450E9A004EC380 /* labyrinth_serv_xcode */ = {isa = PBXFileReference; explicitFileType = "compiled.mach-o.executable"; includeInIndex = 0; path = labyrinth_serv_xcode; sourceTree = BUILT_PRODUCTS_DIR; };
		1FEC14431E450ED5004EC380 /* gameserver.cpp */ = {isa = PBXFileReference; fileEncoding = 4; lastKnownFileType = sourcecode.cpp.cpp; name = gameserver.cpp; path = ../../../src/gameserver.cpp; sourceTree = "<group>"; };
		1FEC14471E450ED5004EC380 /* gameserver.hpp */ = {isa = PBXFileReference; fileEncoding = 4; lastKnownFileType = sourcecode.cpp.h; name = gameserver.hpp; path = ../../../src/gameserver.hpp; sourceTree = "<group>"; };
		1FEC14491E450ED5004EC380 /* player.hpp */ = {isa = PBXFileReference; fileEncoding = 4; lastKnownFileType = sourcecode.cpp.h; name = player.hpp; path = ../../../src/player.hpp; sourceTree = "<group>"; };
		1FEC144C1E450ED5004EC380 /* masterserver.cpp */ = {isa = PBXFileReference; fileEncoding = 4; lastKnownFileType = sourcecode.cpp.cpp; name = masterserver.cpp; path = ../../../src/masterserver.cpp; sourceTree = "<group>"; };
		1FEC144E1E450ED5004EC380 /* globals.h */ = {isa = PBXFileReference; fileEncoding = 4; lastKnownFileType = sourcecode.c.h; name = globals.h; path = ../../../src/globals.h; sourceTree = "<group>"; };
		1FEC14501E450ED5004EC380 /* main.cpp */ = {isa = PBXFileReference; fileEncoding = 4; lastKnownFileType = sourcecode.cpp.cpp; name = main.cpp; path = ../../../src/main.cpp; sourceTree = "<group>"; };
		1FEC14511E450ED5004EC380 /* masterserver.hpp */ = {isa = PBXFileReference; fileEncoding = 4; lastKnownFileType = sourcecode.cpp.h; name = masterserver.hpp; path = ../../../src/masterserver.hpp; sourceTree = "<group>"; };
		1FEC14591E4527E9004EC380 /* libPocoFoundation.a */ = {isa = PBXFileReference; lastKnownFileType = archive.ar; name = libPocoFoundation.a; path = "../../third-party/poco-1.7.7/lib/Darwin/x86_64/libPocoFoundation.a"; sourceTree = "<group>"; };
/* End PBXFileReference section */

/* Begin PBXFrameworksBuildPhase section */
		1FEC14221E450E9A004EC380 /* Frameworks */ = {
			isa = PBXFrameworksBuildPhase;
			buildActionMask = 2147483647;
			files = (
				1F1651BD1E9E6E4100F1181C /* libmysqlcppconn-static.a in Frameworks */,
				1F1651BB1E9E6D5A00F1181C /* libPocoDataMySQL.a in Frameworks */,
				1F9203ED1E63BDA5006DF25E /* libPocoNet.a in Frameworks */,
				1F9203EA1E63BD8B006DF25E /* libPocoData.a in Frameworks */,
				1F9203EB1E63BD8B006DF25E /* libPocoFoundation.a in Frameworks */,
				1F40F96A1E49E13C003861AF /* libflatbuffers.a in Frameworks */,
			);
			runOnlyForDeploymentPostprocessing = 0;
		};
/* End PBXFrameworksBuildPhase section */

/* Begin PBXGroup section */
		1F5FFBC81EA27F8C00542178 /* gamelogic */ = {
			isa = PBXGroup;
			children = (
				1F5FFBDE1EA281C900542178 /* units */,
				1F5FFBC91EA27FB400542178 /* gameobject.cpp */,
				1F5FFBCA1EA27FB400542178 /* gameobject.hpp */,
				1F5FFBCC1EA2801900542178 /* gameworld.cpp */,
				1F5FFBCD1EA2801900542178 /* gameworld.hpp */,
				1F5FFBD21EA2805E00542178 /* gamemap.cpp */,
				1F5FFBD31EA2805E00542178 /* gamemap.hpp */,
				1F5FFBD51EA280C100542178 /* construction.cpp */,
				1F5FFBD61EA280C100542178 /* construction.hpp */,
				1F5FFBD81EA280ED00542178 /* mapblock.cpp */,
				1F5FFBD91EA280ED00542178 /* mapblock.hpp */,
				1F5FFBDB1EA2810D00542178 /* item.cpp */,
				1F5FFBDC1EA2810D00542178 /* item.hpp */,
			);
			name = gamelogic;
			sourceTree = "<group>";
		};
		1F5FFBDE1EA281C900542178 /* units */ = {
			isa = PBXGroup;
			children = (
				1F5FFBDF1EA281EC00542178 /* unit.cpp */,
				1F5FFBE01EA281EC00542178 /* unit.hpp */,
				1F5FFBE21EA2821400542178 /* hero.cpp */,
				1F5FFBE31EA2821400542178 /* hero.hpp */,
				1F5FFBE51EA2825A00542178 /* monster.cpp */,
				1F5FFBE61EA2825A00542178 /* monster.hpp */,
				1F5FFBE81EA2829700542178 /* air_elementalist.cpp */,
				1F5FFBE91EA2829700542178 /* air_elementalist.hpp */,
				1F5FFBEB1EA282C300542178 /* fire_elementalist.cpp */,
				1F5FFBEC1EA282C300542178 /* fire_elementalist.hpp */,
				1F5FFBEE1EA282F000542178 /* earth_elementalist.cpp */,
				1F5FFBEF1EA282F000542178 /* earth_elementalist.hpp */,
				1F5FFBF11EA2830C00542178 /* water_elementalist.cpp */,
				1F5FFBF21EA2830C00542178 /* water_elementalist.hpp */,
			);
			name = units;
			sourceTree = "<group>";
		};
		1FEC141C1E450E9A004EC380 = {
			isa = PBXGroup;
			children = (
				1FEC14271E450E9A004EC380 /* labyrinth_serv_xcode */,
				1FEC14261E450E9A004EC380 /* Products */,
				1FEC14571E4527E9004EC380 /* Frameworks */,
			);
			sourceTree = "<group>";
		};
		1FEC14261E450E9A004EC380 /* Products */ = {
			isa = PBXGroup;
			children = (
				1FEC14251E450E9A004EC380 /* labyrinth_serv_xcode */,
			);
			name = Products;
			sourceTree = "<group>";
		};
		1FEC14271E450E9A004EC380 /* labyrinth_serv_xcode */ = {
			isa = PBXGroup;
			children = (
				1F5FFBC81EA27F8C00542178 /* gamelogic */,
				1FEC14431E450ED5004EC380 /* gameserver.cpp */,
				1FEC14471E450ED5004EC380 /* gameserver.hpp */,
				1FEC144E1E450ED5004EC380 /* globals.h */,
				1F3E69C01E4A1D2C00A102C1 /* gsnet_generated.h */,
				1F3E69BF1E4A1D0A00A102C1 /* gsnet.fbs */,
				1FEC14501E450ED5004EC380 /* main.cpp */,
				1FEC144C1E450ED5004EC380 /* masterserver.cpp */,
				1FEC14511E450ED5004EC380 /* masterserver.hpp */,
				1F40F96D1E49F2A7003861AF /* msnet_generated.h */,
				1F3E69BD1E4A1AD700A102C1 /* msnet.fbs */,
				1FEC14491E450ED5004EC380 /* player.hpp */,
				1F9203D61E60B637006DF25E /* logsystem.cpp */,
				1F9203D71E60B637006DF25E /* logsystem.hpp */,
				1F5FFAEB1EA00D5B00542178 /* mailservice.cpp */,
				1F5FFAEC1EA00D5B00542178 /* mailservice.hpp */,
			);
			path = labyrinth_serv_xcode;
			sourceTree = "<group>";
		};
		1FEC14571E4527E9004EC380 /* Frameworks */ = {
			isa = PBXGroup;
			children = (
				1F1651BC1E9E6E4100F1181C /* libmysqlcppconn-static.a */,
				1F1651BA1E9E6D5A00F1181C /* libPocoDataMySQL.a */,
				1F9203EC1E63BDA5006DF25E /* libPocoNet.a */,
				1F9203E61E63BD8B006DF25E /* libPocoDataSQLite.a */,
				1F9203E71E63BD8B006DF25E /* libPocoData.a */,
				1F9203E81E63BD8B006DF25E /* libPocoFoundation.a */,
				1F40F9691E49E13C003861AF /* libflatbuffers.a */,
				1FEC14591E4527E9004EC380 /* libPocoFoundation.a */,
			);
			name = Frameworks;
			sourceTree = "<group>";
		};
/* End PBXGroup section */

/* Begin PBXNativeTarget section */
		1FEC14241E450E9A004EC380 /* labyrinth_serv_xcode */ = {
			isa = PBXNativeTarget;
			buildConfigurationList = 1FEC142C1E450E9A004EC380 /* Build configuration list for PBXNativeTarget "labyrinth_serv_xcode" */;
			buildPhases = (
				1FEC14211E450E9A004EC380 /* Sources */,
				1FEC14221E450E9A004EC380 /* Frameworks */,
				1FEC14231E450E9A004EC380 /* CopyFiles */,
			);
			buildRules = (
			);
			dependencies = (
			);
			name = labyrinth_serv_xcode;
			productName = labyrinth_serv_xcode;
			productReference = 1FEC14251E450E9A004EC380 /* labyrinth_serv_xcode */;
			productType = "com.apple.product-type.tool";
		};
/* End PBXNativeTarget section */

/* Begin PBXProject section */
		1FEC141D1E450E9A004EC380 /* Project object */ = {
			isa = PBXProject;
			attributes = {
				LastUpgradeCheck = 0820;
				ORGANIZATIONNAME = "hate-red";
				TargetAttributes = {
					1FEC14241E450E9A004EC380 = {
						CreatedOnToolsVersion = 8.2.1;
						DevelopmentTeam = D7DS4Q75JC;
						ProvisioningStyle = Automatic;
					};
				};
			};
			buildConfigurationList = 1FEC14201E450E9A004EC380 /* Build configuration list for PBXProject "labyrinth_serv_xcode" */;
			compatibilityVersion = "Xcode 3.2";
			developmentRegion = English;
			hasScannedForEncodings = 0;
			knownRegions = (
				en,
			);
			mainGroup = 1FEC141C1E450E9A004EC380;
			productRefGroup = 1FEC14261E450E9A004EC380 /* Products */;
			projectDirPath = "";
			projectRoot = "";
			targets = (
				1FEC14241E450E9A004EC380 /* labyrinth_serv_xcode */,
			);
		};
/* End PBXProject section */

/* Begin PBXSourcesBuildPhase section */
		1FEC14211E450E9A004EC380 /* Sources */ = {
			isa = PBXSourcesBuildPhase;
			buildActionMask = 2147483647;
			files = (
				1F5FFBF31EA2830C00542178 /* water_elementalist.cpp in Sources */,
				1F5FFBEA1EA2829700542178 /* air_elementalist.cpp in Sources */,
				1FEC14551E450ED5004EC380 /* masterserver.cpp in Sources */,
				1F5FFBE71EA2825A00542178 /* monster.cpp in Sources */,
				1F5FFBDA1EA280ED00542178 /* mapblock.cpp in Sources */,
				1F5FFBCB1EA27FB400542178 /* gameobject.cpp in Sources */,
				1F5FFBD41EA2805E00542178 /* gamemap.cpp in Sources */,
				1F5FFAED1EA00D5B00542178 /* mailservice.cpp in Sources */,
				1F5FFBF01EA282F000542178 /* earth_elementalist.cpp in Sources */,
				1F5FFBED1EA282C300542178 /* fire_elementalist.cpp in Sources */,
				1F5FFBE41EA2821400542178 /* hero.cpp in Sources */,
				1F5FFBDD1EA2810D00542178 /* item.cpp in Sources */,
				1F5FFBE11EA281EC00542178 /* unit.cpp in Sources */,
				1F9203D81E60B637006DF25E /* logsystem.cpp in Sources */,
				1FEC14561E450ED5004EC380 /* main.cpp in Sources */,
				1FEC14521E450ED5004EC380 /* gameserver.cpp in Sources */,
				1F5FFBD71EA280C100542178 /* construction.cpp in Sources */,
				1F5FFBCE1EA2801900542178 /* gameworld.cpp in Sources */,
			);
			runOnlyForDeploymentPostprocessing = 0;
		};
/* End PBXSourcesBuildPhase section */

/* Begin XCBuildConfiguration section */
		1FEC142A1E450E9A004EC380 /* Debug */ = {
			isa = XCBuildConfiguration;
			buildSettings = {
				ALWAYS_SEARCH_USER_PATHS = YES;
				CLANG_ANALYZER_NONNULL = YES;
				CLANG_CXX_LANGUAGE_STANDARD = "c++14";
				CLANG_CXX_LIBRARY = "libc++";
				CLANG_ENABLE_MODULES = YES;
				CLANG_ENABLE_OBJC_ARC = YES;
				CLANG_WARN_BOOL_CONVERSION = YES;
				CLANG_WARN_CONSTANT_CONVERSION = YES;
				CLANG_WARN_DIRECT_OBJC_ISA_USAGE = YES_ERROR;
				CLANG_WARN_DOCUMENTATION_COMMENTS = YES;
				CLANG_WARN_EMPTY_BODY = YES;
				CLANG_WARN_ENUM_CONVERSION = YES;
				CLANG_WARN_INFINITE_RECURSION = YES;
				CLANG_WARN_INT_CONVERSION = YES;
				CLANG_WARN_OBJC_ROOT_CLASS = YES_ERROR;
				CLANG_WARN_SUSPICIOUS_MOVE = YES;
				CLANG_WARN_UNREACHABLE_CODE = YES;
				CLANG_WARN__DUPLICATE_METHOD_MATCH = YES;
				CODE_SIGN_IDENTITY = "-";
				COPY_PHASE_STRIP = NO;
				DEBUG_INFORMATION_FORMAT = dwarf;
				ENABLE_STRICT_OBJC_MSGSEND = YES;
				ENABLE_TESTABILITY = YES;
				GCC_C_LANGUAGE_STANDARD = gnu99;
				GCC_DYNAMIC_NO_PIC = NO;
				GCC_NO_COMMON_BLOCKS = YES;
				GCC_OPTIMIZATION_LEVEL = 0;
				GCC_PREPROCESSOR_DEFINITIONS = (
					"DEBUG=1",
					"$(inherited)",
				);
				GCC_WARN_64_TO_32_BIT_CONVERSION = YES;
				GCC_WARN_ABOUT_RETURN_TYPE = YES_ERROR;
				GCC_WARN_UNDECLARED_SELECTOR = YES;
				GCC_WARN_UNINITIALIZED_AUTOS = YES_AGGRESSIVE;
				GCC_WARN_UNUSED_FUNCTION = YES;
				GCC_WARN_UNUSED_VARIABLE = YES;
				HEADER_SEARCH_PATHS = (
					"/Users/aleksandr/gamedev/labyrinth_server/third-party/poco-1.7.8-all/Net/include",
					"/Users/aleksandr/gamedev/labyrinth_server/third-party/poco-1.7.8-all/Foundation/include",
					"/Users/aleksandr/gamedev/labyrinth_server/third-party/flatbuffers/include",
					"/Users/aleksandr/gamedev/labyrinth_server/third-party/poco-1.7.8-all/Data/include",
					"/Users/aleksandr/gamedev/labyrinth_server/third-party/poco-1.7.8-all/Data/MySQL/include",
				);
				MACOSX_DEPLOYMENT_TARGET = 10.12;
				MTL_ENABLE_DEBUG_INFO = YES;
				ONLY_ACTIVE_ARCH = YES;
				SDKROOT = macosx;
			};
			name = Debug;
		};
		1FEC142B1E450E9A004EC380 /* Release */ = {
			isa = XCBuildConfiguration;
			buildSettings = {
				ALWAYS_SEARCH_USER_PATHS = YES;
				CLANG_ANALYZER_NONNULL = YES;
				CLANG_CXX_LANGUAGE_STANDARD = "c++14";
				CLANG_CXX_LIBRARY = "libc++";
				CLANG_ENABLE_MODULES = YES;
				CLANG_ENABLE_OBJC_ARC = YES;
				CLANG_WARN_BOOL_CONVERSION = YES;
				CLANG_WARN_CONSTANT_CONVERSION = YES;
				CLANG_WARN_DIRECT_OBJC_ISA_USAGE = YES_ERROR;
				CLANG_WARN_DOCUMENTATION_COMMENTS = YES;
				CLANG_WARN_EMPTY_BODY = YES;
				CLANG_WARN_ENUM_CONVERSION = YES;
				CLANG_WARN_INFINITE_RECURSION = YES;
				CLANG_WARN_INT_CONVERSION = YES;
				CLANG_WARN_OBJC_ROOT_CLASS = YES_ERROR;
				CLANG_WARN_SUSPICIOUS_MOVE = YES;
				CLANG_WARN_UNREACHABLE_CODE = YES;
				CLANG_WARN__DUPLICATE_METHOD_MATCH = YES;
				CODE_SIGN_IDENTITY = "-";
				COPY_PHASE_STRIP = NO;
				DEBUG_INFORMATION_FORMAT = "dwarf-with-dsym";
				ENABLE_NS_ASSERTIONS = NO;
				ENABLE_STRICT_OBJC_MSGSEND = YES;
				GCC_C_LANGUAGE_STANDARD = gnu99;
				GCC_NO_COMMON_BLOCKS = YES;
				GCC_WARN_64_TO_32_BIT_CONVERSION = YES;
				GCC_WARN_ABOUT_RETURN_TYPE = YES_ERROR;
				GCC_WARN_UNDECLARED_SELECTOR = YES;
				GCC_WARN_UNINITIALIZED_AUTOS = YES_AGGRESSIVE;
				GCC_WARN_UNUSED_FUNCTION = YES;
				GCC_WARN_UNUSED_VARIABLE = YES;
				HEADER_SEARCH_PATHS = (
					"/Users/aleksandr/gamedev/labyrinth_server/third-party/poco-1.7.8-all/Net/include",
					"/Users/aleksandr/gamedev/labyrinth_server/third-party/poco-1.7.8-all/Foundation/include",
					"/Users/aleksandr/gamedev/labyrinth_server/third-party/flatbuffers/include",
					"/Users/aleksandr/gamedev/labyrinth_server/third-party/poco-1.7.8-all/Data/include",
					"/Users/aleksandr/gamedev/labyrinth_server/third-party/poco-1.7.8-all/Data/MySQL/include",
				);
				MACOSX_DEPLOYMENT_TARGET = 10.12;
				MTL_ENABLE_DEBUG_INFO = NO;
				SDKROOT = macosx;
			};
			name = Release;
		};
		1FEC142D1E450E9A004EC380 /* Debug */ = {
			isa = XCBuildConfiguration;
			buildSettings = {
				DEVELOPMENT_TEAM = D7DS4Q75JC;
				LIBRARY_SEARCH_PATHS = (
					"$(inherited)",
					"$(PROJECT_DIR)/labyrinth_serv_xcode.xcodeproj",
				);
				PRODUCT_NAME = "$(TARGET_NAME)";
			};
			name = Debug;
		};
		1FEC142E1E450E9A004EC380 /* Release */ = {
			isa = XCBuildConfiguration;
			buildSettings = {
				DEVELOPMENT_TEAM = D7DS4Q75JC;
				LIBRARY_SEARCH_PATHS = (
					"$(inherited)",
					"$(PROJECT_DIR)/labyrinth_serv_xcode.xcodeproj",
				);
				PRODUCT_NAME = "$(TARGET_NAME)";
			};
			name = Release;
		};
/* End XCBuildConfiguration section */

/* Begin XCConfigurationList section */
		1FEC14201E450E9A004EC380 /* Build configuration list for PBXProject "labyrinth_serv_xcode" */ = {
			isa = XCConfigurationList;
			buildConfigurations = (
				1FEC142A1E450E9A004EC380 /* Debug */,
				1FEC142B1E450E9A004EC380 /* Release */,
			);
			defaultConfigurationIsVisible = 0;
			defaultConfigurationName = Release;
		};
		1FEC142C1E450E9A004EC380 /* Build configuration list for PBXNativeTarget "labyrinth_serv_xcode" */ = {
			isa = XCConfigurationList;
			buildConfigurations = (
				1FEC142D1E450E9A004EC380 /* Debug */,
				1FEC142E1E450E9A004EC380 /* Release */,
			);
			defaultConfigurationIsVisible = 0;
			defaultConfigurationName = Release;
		};
/* End XCConfigurationList section */
	};
	rootObject = 1FEC141D1E450E9A004EC380 /* Project object */;
}
