// !$*UTF8*$!
{
	archiveVersion = 1;
	classes = {
	};
	objectVersion = 46;
	objects = {

/* Begin PBXBuildFile section */
		1FEC14521E450ED5004EC380 /* gameserver.cpp in Sources */ = {isa = PBXBuildFile; fileRef = 1FEC14431E450ED5004EC380 /* gameserver.cpp */; };
		1FEC14531E450ED5004EC380 /* gameworld.cpp in Sources */ = {isa = PBXBuildFile; fileRef = 1FEC14451E450ED5004EC380 /* gameworld.cpp */; };
		1FEC14541E450ED5004EC380 /* gamemap.cpp in Sources */ = {isa = PBXBuildFile; fileRef = 1FEC144A1E450ED5004EC380 /* gamemap.cpp */; };
		1FEC14551E450ED5004EC380 /* masterserver.cpp in Sources */ = {isa = PBXBuildFile; fileRef = 1FEC144C1E450ED5004EC380 /* masterserver.cpp */; };
		1FEC14561E450ED5004EC380 /* main.cpp in Sources */ = {isa = PBXBuildFile; fileRef = 1FEC14501E450ED5004EC380 /* main.cpp */; };
		1FEC145E1E452966004EC380 /* libPocoNet.a in Frameworks */ = {isa = PBXBuildFile; fileRef = 1FEC145C1E452966004EC380 /* libPocoNet.a */; };
		1FEC145F1E452966004EC380 /* libPocoFoundation.a in Frameworks */ = {isa = PBXBuildFile; fileRef = 1FEC145D1E452966004EC380 /* libPocoFoundation.a */; };
/* End PBXBuildFile section */

/* Begin PBXCopyFilesBuildPhase section */
		1FEC14231E450E9A004EC380 /* CopyFiles */ = {
			isa = PBXCopyFilesBuildPhase;
			buildActionMask = 2147483647;
			dstPath = /usr/share/man/man1/;
			dstSubfolderSpec = 0;
			files = (
			);
			runOnlyForDeploymentPostprocessing = 1;
		};
/* End PBXCopyFilesBuildPhase section */

/* Begin PBXFileReference section */
		1FEC14251E450E9A004EC380 /* labyrinth_serv_xcode */ = {isa = PBXFileReference; explicitFileType = "compiled.mach-o.executable"; includeInIndex = 0; path = labyrinth_serv_xcode; sourceTree = BUILT_PRODUCTS_DIR; };
		1FEC14431E450ED5004EC380 /* gameserver.cpp */ = {isa = PBXFileReference; fileEncoding = 4; lastKnownFileType = sourcecode.cpp.cpp; name = gameserver.cpp; path = ../../../src/gameserver.cpp; sourceTree = "<group>"; };
		1FEC14441E450ED5004EC380 /* netpacket.hpp */ = {isa = PBXFileReference; fileEncoding = 4; lastKnownFileType = sourcecode.cpp.h; name = netpacket.hpp; path = ../../../src/netpacket.hpp; sourceTree = "<group>"; };
		1FEC14451E450ED5004EC380 /* gameworld.cpp */ = {isa = PBXFileReference; fileEncoding = 4; lastKnownFileType = sourcecode.cpp.cpp; name = gameworld.cpp; path = ../../../src/gameworld.cpp; sourceTree = "<group>"; };
		1FEC14461E450ED5004EC380 /* gameworld.hpp */ = {isa = PBXFileReference; fileEncoding = 4; lastKnownFileType = sourcecode.cpp.h; name = gameworld.hpp; path = ../../../src/gameworld.hpp; sourceTree = "<group>"; };
		1FEC14471E450ED5004EC380 /* gameserver.hpp */ = {isa = PBXFileReference; fileEncoding = 4; lastKnownFileType = sourcecode.cpp.h; name = gameserver.hpp; path = ../../../src/gameserver.hpp; sourceTree = "<group>"; };
		1FEC14481E450ED5004EC380 /* item.hpp */ = {isa = PBXFileReference; fileEncoding = 4; lastKnownFileType = sourcecode.cpp.h; name = item.hpp; path = ../../../src/item.hpp; sourceTree = "<group>"; };
		1FEC14491E450ED5004EC380 /* player.hpp */ = {isa = PBXFileReference; fileEncoding = 4; lastKnownFileType = sourcecode.cpp.h; name = player.hpp; path = ../../../src/player.hpp; sourceTree = "<group>"; };
		1FEC144A1E450ED5004EC380 /* gamemap.cpp */ = {isa = PBXFileReference; fileEncoding = 4; lastKnownFileType = sourcecode.cpp.cpp; name = gamemap.cpp; path = ../../../src/gamemap.cpp; sourceTree = "<group>"; };
		1FEC144B1E450ED5004EC380 /* gamemap.hpp */ = {isa = PBXFileReference; fileEncoding = 4; lastKnownFileType = sourcecode.cpp.h; name = gamemap.hpp; path = ../../../src/gamemap.hpp; sourceTree = "<group>"; };
		1FEC144C1E450ED5004EC380 /* masterserver.cpp */ = {isa = PBXFileReference; fileEncoding = 4; lastKnownFileType = sourcecode.cpp.cpp; name = masterserver.cpp; path = ../../../src/masterserver.cpp; sourceTree = "<group>"; };
		1FEC144D1E450ED5004EC380 /* construction.hpp */ = {isa = PBXFileReference; fileEncoding = 4; lastKnownFileType = sourcecode.cpp.h; name = construction.hpp; path = ../../../src/construction.hpp; sourceTree = "<group>"; };
		1FEC144E1E450ED5004EC380 /* globals.h */ = {isa = PBXFileReference; fileEncoding = 4; lastKnownFileType = sourcecode.c.h; name = globals.h; path = ../../../src/globals.h; sourceTree = "<group>"; };
		1FEC144F1E450ED5004EC380 /* monster.hpp */ = {isa = PBXFileReference; fileEncoding = 4; lastKnownFileType = sourcecode.cpp.h; name = monster.hpp; path = ../../../src/monster.hpp; sourceTree = "<group>"; };
		1FEC14501E450ED5004EC380 /* main.cpp */ = {isa = PBXFileReference; fileEncoding = 4; lastKnownFileType = sourcecode.cpp.cpp; name = main.cpp; path = ../../../src/main.cpp; sourceTree = "<group>"; };
		1FEC14511E450ED5004EC380 /* masterserver.hpp */ = {isa = PBXFileReference; fileEncoding = 4; lastKnownFileType = sourcecode.cpp.h; name = masterserver.hpp; path = ../../../src/masterserver.hpp; sourceTree = "<group>"; };
		1FEC14581E4527E9004EC380 /* libPocoNet.a */ = {isa = PBXFileReference; lastKnownFileType = archive.ar; name = libPocoNet.a; path = "../../third-party/poco-1.7.7/lib/Darwin/x86_64/libPocoNet.a"; sourceTree = "<group>"; };
		1FEC14591E4527E9004EC380 /* libPocoFoundation.a */ = {isa = PBXFileReference; lastKnownFileType = archive.ar; name = libPocoFoundation.a; path = "../../third-party/poco-1.7.7/lib/Darwin/x86_64/libPocoFoundation.a"; sourceTree = "<group>"; };
		1FEC145C1E452966004EC380 /* libPocoNet.a */ = {isa = PBXFileReference; lastKnownFileType = archive.ar; name = libPocoNet.a; path = labyrinth_serv_xcode.xcodeproj/libPocoNet.a; sourceTree = "<group>"; };
		1FEC145D1E452966004EC380 /* libPocoFoundation.a */ = {isa = PBXFileReference; lastKnownFileType = archive.ar; name = libPocoFoundation.a; path = labyrinth_serv_xcode.xcodeproj/libPocoFoundation.a; sourceTree = "<group>"; };
/* End PBXFileReference section */

/* Begin PBXFrameworksBuildPhase section */
		1FEC14221E450E9A004EC380 /* Frameworks */ = {
			isa = PBXFrameworksBuildPhase;
			buildActionMask = 2147483647;
			files = (
				1FEC145E1E452966004EC380 /* libPocoNet.a in Frameworks */,
				1FEC145F1E452966004EC380 /* libPocoFoundation.a in Frameworks */,
			);
			runOnlyForDeploymentPostprocessing = 0;
		};
/* End PBXFrameworksBuildPhase section */

/* Begin PBXGroup section */
		1FEC141C1E450E9A004EC380 = {
			isa = PBXGroup;
			children = (
				1FEC14271E450E9A004EC380 /* labyrinth_serv_xcode */,
				1FEC14261E450E9A004EC380 /* Products */,
				1FEC14571E4527E9004EC380 /* Frameworks */,
			);
			sourceTree = "<group>";
		};
		1FEC14261E450E9A004EC380 /* Products */ = {
			isa = PBXGroup;
			children = (
				1FEC14251E450E9A004EC380 /* labyrinth_serv_xcode */,
			);
			name = Products;
			sourceTree = "<group>";
		};
		1FEC14271E450E9A004EC380 /* labyrinth_serv_xcode */ = {
			isa = PBXGroup;
			children = (
				1FEC144D1E450ED5004EC380 /* construction.hpp */,
				1FEC144A1E450ED5004EC380 /* gamemap.cpp */,
				1FEC144B1E450ED5004EC380 /* gamemap.hpp */,
				1FEC14431E450ED5004EC380 /* gameserver.cpp */,
				1FEC14471E450ED5004EC380 /* gameserver.hpp */,
				1FEC14451E450ED5004EC380 /* gameworld.cpp */,
				1FEC14461E450ED5004EC380 /* gameworld.hpp */,
				1FEC144E1E450ED5004EC380 /* globals.h */,
				1FEC14481E450ED5004EC380 /* item.hpp */,
				1FEC14501E450ED5004EC380 /* main.cpp */,
				1FEC144C1E450ED5004EC380 /* masterserver.cpp */,
				1FEC14511E450ED5004EC380 /* masterserver.hpp */,
				1FEC144F1E450ED5004EC380 /* monster.hpp */,
				1FEC14441E450ED5004EC380 /* netpacket.hpp */,
				1FEC14491E450ED5004EC380 /* player.hpp */,
			);
			path = labyrinth_serv_xcode;
			sourceTree = "<group>";
		};
		1FEC14571E4527E9004EC380 /* Frameworks */ = {
			isa = PBXGroup;
			children = (
				1FEC145C1E452966004EC380 /* libPocoNet.a */,
				1FEC145D1E452966004EC380 /* libPocoFoundation.a */,
				1FEC14581E4527E9004EC380 /* libPocoNet.a */,
				1FEC14591E4527E9004EC380 /* libPocoFoundation.a */,
			);
			name = Frameworks;
			sourceTree = "<group>";
		};
/* End PBXGroup section */

/* Begin PBXNativeTarget section */
		1FEC14241E450E9A004EC380 /* labyrinth_serv_xcode */ = {
			isa = PBXNativeTarget;
			buildConfigurationList = 1FEC142C1E450E9A004EC380 /* Build configuration list for PBXNativeTarget "labyrinth_serv_xcode" */;
			buildPhases = (
				1FEC14211E450E9A004EC380 /* Sources */,
				1FEC14221E450E9A004EC380 /* Frameworks */,
				1FEC14231E450E9A004EC380 /* CopyFiles */,
			);
			buildRules = (
			);
			dependencies = (
			);
			name = labyrinth_serv_xcode;
			productName = labyrinth_serv_xcode;
			productReference = 1FEC14251E450E9A004EC380 /* labyrinth_serv_xcode */;
			productType = "com.apple.product-type.tool";
		};
/* End PBXNativeTarget section */

/* Begin PBXProject section */
		1FEC141D1E450E9A004EC380 /* Project object */ = {
			isa = PBXProject;
			attributes = {
				LastUpgradeCheck = 0820;
				ORGANIZATIONNAME = "hate-red";
				TargetAttributes = {
					1FEC14241E450E9A004EC380 = {
						CreatedOnToolsVersion = 8.2.1;
						DevelopmentTeam = D7DS4Q75JC;
						ProvisioningStyle = Automatic;
					};
				};
			};
			buildConfigurationList = 1FEC14201E450E9A004EC380 /* Build configuration list for PBXProject "labyrinth_serv_xcode" */;
			compatibilityVersion = "Xcode 3.2";
			developmentRegion = English;
			hasScannedForEncodings = 0;
			knownRegions = (
				en,
			);
			mainGroup = 1FEC141C1E450E9A004EC380;
			productRefGroup = 1FEC14261E450E9A004EC380 /* Products */;
			projectDirPath = "";
			projectRoot = "";
			targets = (
				1FEC14241E450E9A004EC380 /* labyrinth_serv_xcode */,
			);
		};
/* End PBXProject section */

/* Begin PBXSourcesBuildPhase section */
		1FEC14211E450E9A004EC380 /* Sources */ = {
			isa = PBXSourcesBuildPhase;
			buildActionMask = 2147483647;
			files = (
				1FEC14551E450ED5004EC380 /* masterserver.cpp in Sources */,
				1FEC14531E450ED5004EC380 /* gameworld.cpp in Sources */,
				1FEC14541E450ED5004EC380 /* gamemap.cpp in Sources */,
				1FEC14561E450ED5004EC380 /* main.cpp in Sources */,
				1FEC14521E450ED5004EC380 /* gameserver.cpp in Sources */,
			);
			runOnlyForDeploymentPostprocessing = 0;
		};
/* End PBXSourcesBuildPhase section */

/* Begin XCBuildConfiguration section */
		1FEC142A1E450E9A004EC380 /* Debug */ = {
			isa = XCBuildConfiguration;
			buildSettings = {
				ALWAYS_SEARCH_USER_PATHS = NO;
				CLANG_ANALYZER_NONNULL = YES;
				CLANG_CXX_LANGUAGE_STANDARD = "c++14";
				CLANG_CXX_LIBRARY = "libc++";
				CLANG_ENABLE_MODULES = YES;
				CLANG_ENABLE_OBJC_ARC = YES;
				CLANG_WARN_BOOL_CONVERSION = YES;
				CLANG_WARN_CONSTANT_CONVERSION = YES;
				CLANG_WARN_DIRECT_OBJC_ISA_USAGE = YES_ERROR;
				CLANG_WARN_DOCUMENTATION_COMMENTS = YES;
				CLANG_WARN_EMPTY_BODY = YES;
				CLANG_WARN_ENUM_CONVERSION = YES;
				CLANG_WARN_INFINITE_RECURSION = YES;
				CLANG_WARN_INT_CONVERSION = YES;
				CLANG_WARN_OBJC_ROOT_CLASS = YES_ERROR;
				CLANG_WARN_SUSPICIOUS_MOVE = YES;
				CLANG_WARN_UNREACHABLE_CODE = YES;
				CLANG_WARN__DUPLICATE_METHOD_MATCH = YES;
				CODE_SIGN_IDENTITY = "-";
				COPY_PHASE_STRIP = NO;
				DEBUG_INFORMATION_FORMAT = dwarf;
				ENABLE_STRICT_OBJC_MSGSEND = YES;
				ENABLE_TESTABILITY = YES;
				GCC_C_LANGUAGE_STANDARD = gnu99;
				GCC_DYNAMIC_NO_PIC = NO;
				GCC_NO_COMMON_BLOCKS = YES;
				GCC_OPTIMIZATION_LEVEL = 0;
				GCC_PREPROCESSOR_DEFINITIONS = (
					"DEBUG=1",
					"$(inherited)",
				);
				GCC_WARN_64_TO_32_BIT_CONVERSION = YES;
				GCC_WARN_ABOUT_RETURN_TYPE = YES_ERROR;
				GCC_WARN_UNDECLARED_SELECTOR = YES;
				GCC_WARN_UNINITIALIZED_AUTOS = YES_AGGRESSIVE;
				GCC_WARN_UNUSED_FUNCTION = YES;
				GCC_WARN_UNUSED_VARIABLE = YES;
				HEADER_SEARCH_PATHS = (
					"/Users/aleksandr/gamedev/labyrinth_server/third-party/poco-1.7.7/Net/include",
					"/Users/aleksandr/gamedev/labyrinth_server/third-party/poco-1.7.7/Foundation/include",
				);
				MACOSX_DEPLOYMENT_TARGET = 10.12;
				MTL_ENABLE_DEBUG_INFO = YES;
				ONLY_ACTIVE_ARCH = YES;
				SDKROOT = macosx;
			};
			name = Debug;
		};
		1FEC142B1E450E9A004EC380 /* Release */ = {
			isa = XCBuildConfiguration;
			buildSettings = {
				ALWAYS_SEARCH_USER_PATHS = NO;
				CLANG_ANALYZER_NONNULL = YES;
				CLANG_CXX_LANGUAGE_STANDARD = "c++14";
				CLANG_CXX_LIBRARY = "libc++";
				CLANG_ENABLE_MODULES = YES;
				CLANG_ENABLE_OBJC_ARC = YES;
				CLANG_WARN_BOOL_CONVERSION = YES;
				CLANG_WARN_CONSTANT_CONVERSION = YES;
				CLANG_WARN_DIRECT_OBJC_ISA_USAGE = YES_ERROR;
				CLANG_WARN_DOCUMENTATION_COMMENTS = YES;
				CLANG_WARN_EMPTY_BODY = YES;
				CLANG_WARN_ENUM_CONVERSION = YES;
				CLANG_WARN_INFINITE_RECURSION = YES;
				CLANG_WARN_INT_CONVERSION = YES;
				CLANG_WARN_OBJC_ROOT_CLASS = YES_ERROR;
				CLANG_WARN_SUSPICIOUS_MOVE = YES;
				CLANG_WARN_UNREACHABLE_CODE = YES;
				CLANG_WARN__DUPLICATE_METHOD_MATCH = YES;
				CODE_SIGN_IDENTITY = "-";
				COPY_PHASE_STRIP = NO;
				DEBUG_INFORMATION_FORMAT = "dwarf-with-dsym";
				ENABLE_NS_ASSERTIONS = NO;
				ENABLE_STRICT_OBJC_MSGSEND = YES;
				GCC_C_LANGUAGE_STANDARD = gnu99;
				GCC_NO_COMMON_BLOCKS = YES;
				GCC_WARN_64_TO_32_BIT_CONVERSION = YES;
				GCC_WARN_ABOUT_RETURN_TYPE = YES_ERROR;
				GCC_WARN_UNDECLARED_SELECTOR = YES;
				GCC_WARN_UNINITIALIZED_AUTOS = YES_AGGRESSIVE;
				GCC_WARN_UNUSED_FUNCTION = YES;
				GCC_WARN_UNUSED_VARIABLE = YES;
				HEADER_SEARCH_PATHS = (
					"/Users/aleksandr/gamedev/labyrinth_server/third-party/poco-1.7.7/Net/include",
					"/Users/aleksandr/gamedev/labyrinth_server/third-party/poco-1.7.7/Foundation/include",
				);
				MACOSX_DEPLOYMENT_TARGET = 10.12;
				MTL_ENABLE_DEBUG_INFO = NO;
				SDKROOT = macosx;
			};
			name = Release;
		};
		1FEC142D1E450E9A004EC380 /* Debug */ = {
			isa = XCBuildConfiguration;
			buildSettings = {
				DEVELOPMENT_TEAM = D7DS4Q75JC;
				LIBRARY_SEARCH_PATHS = (
					"$(inherited)",
					"$(PROJECT_DIR)/labyrinth_serv_xcode.xcodeproj",
				);
				PRODUCT_NAME = "$(TARGET_NAME)";
			};
			name = Debug;
		};
		1FEC142E1E450E9A004EC380 /* Release */ = {
			isa = XCBuildConfiguration;
			buildSettings = {
				DEVELOPMENT_TEAM = D7DS4Q75JC;
				LIBRARY_SEARCH_PATHS = (
					"$(inherited)",
					"$(PROJECT_DIR)/labyrinth_serv_xcode.xcodeproj",
				);
				PRODUCT_NAME = "$(TARGET_NAME)";
			};
			name = Release;
		};
/* End XCBuildConfiguration section */

/* Begin XCConfigurationList section */
		1FEC14201E450E9A004EC380 /* Build configuration list for PBXProject "labyrinth_serv_xcode" */ = {
			isa = XCConfigurationList;
			buildConfigurations = (
				1FEC142A1E450E9A004EC380 /* Debug */,
				1FEC142B1E450E9A004EC380 /* Release */,
			);
			defaultConfigurationIsVisible = 0;
			defaultConfigurationName = Release;
		};
		1FEC142C1E450E9A004EC380 /* Build configuration list for PBXNativeTarget "labyrinth_serv_xcode" */ = {
			isa = XCConfigurationList;
			buildConfigurations = (
				1FEC142D1E450E9A004EC380 /* Debug */,
				1FEC142E1E450E9A004EC380 /* Release */,
			);
			defaultConfigurationIsVisible = 0;
		};
/* End XCConfigurationList section */
	};
	rootObject = 1FEC141D1E450E9A004EC380 /* Project object */;
}
